
Microsoft Visual Studio Solution File, Format Version 12.00
Project("{FAE04EC0-301F-11D3-BF4B-00C04F79EFBC}") = "LoggingBestPractices.Api", "LoggingBestPractices.Api\LoggingBestPractices.Api.csproj", "{E040A101-78D6-4CD7-8480-1E7A9F99C952}"
EndProject
Project("{FAE04EC0-301F-11D3-BF4B-00C04F79EFBC}") = "LoggingBestPractices.Benchmarks", "LoggingBestPractices.Benchmarks\LoggingBestPractices.Benchmarks.csproj", "{E4440F4E-DEA5-4C92-B541-552D5F6BD979}"
EndProject
Project("{FAE04EC0-301F-11D3-BF4B-00C04F79EFBC}") = "LoggingBestPractices.MemoryProfiling", "LoggingBestPractices.MemoryProfiling\LoggingBestPractices.MemoryProfiling.csproj", "{95D3916D-D9F2-40DB-AD37-0805132E670E}"
EndProject
Global
	GlobalSection(SolutionConfigurationPlatforms) = preSolution
		Debug|Any CPU = Debug|Any CPU
		Release|Any CPU = Release|Any CPU
	EndGlobalSection
	GlobalSection(ProjectConfigurationPlatforms) = postSolution
		{E040A101-78D6-4CD7-8480-1E7A9F99C952}.Debug|Any CPU.ActiveCfg = Debug|Any CPU
		{E040A101-78D6-4CD7-8480-1E7A9F99C952}.Debug|Any CPU.Build.0 = Debug|Any CPU
		{E040A101-78D6-4CD7-8480-1E7A9F99C952}.Release|Any CPU.ActiveCfg = Release|Any CPU
		{E040A101-78D6-4CD7-8480-1E7A9F99C952}.Release|Any CPU.Build.0 = Release|Any CPU
		{E4440F4E-DEA5-4C92-B541-552D5F6BD979}.Debug|Any CPU.ActiveCfg = Debug|Any CPU
		{E4440F4E-DEA5-4C92-B541-552D5F6BD979}.Debug|Any CPU.Build.0 = Debug|Any CPU
		{E4440F4E-DEA5-4C92-B541-552D5F6BD979}.Release|Any CPU.ActiveCfg = Release|Any CPU
		{E4440F4E-DEA5-4C92-B541-552D5F6BD979}.Release|Any CPU.Build.0 = Release|Any CPU
		{95D3916D-D9F2-40DB-AD37-0805132E670E}.Debug|Any CPU.ActiveCfg = Debug|Any CPU
		{95D3916D-D9F2-40DB-AD37-0805132E670E}.Debug|Any CPU.Build.0 = Debug|Any CPU
		{95D3916D-D9F2-40DB-AD37-0805132E670E}.Release|Any CPU.ActiveCfg = Release|Any CPU
		{95D3916D-D9F2-40DB-AD37-0805132E670E}.Release|Any CPU.Build.0 = Release|Any CPU
	EndGlobalSection
EndGlobal
